
Microsoft Visual Studio Solution File, Format Version 12.00
# Visual Studio 2013
VisualStudioVersion = 12.0.21005.1
MinimumVisualStudioVersion = 10.0.40219.1
Project("{FAE04EC0-301F-11D3-BF4B-00C04F79EFBC}") = "DelegateBasic", "DelegateBasic\DelegateBasic.csproj", "{17A7AC1A-923C-4610-A3E0-84C671FCA7C0}"
EndProject
Project("{FAE04EC0-301F-11D3-BF4B-00C04F79EFBC}") = "DelegateAdvanced", "DelegateAdvanced\DelegateAdvanced.csproj", "{3A347B61-D37A-41F7-9F14-1CAF60BF93AD}"
EndProject
Project("{FAE04EC0-301F-11D3-BF4B-00C04F79EFBC}") = "DelegateExample", "DelegateExample\DelegateExample.csproj", "{F02B4780-C284-478E-95F1-D276DE21FE31}"
EndProject
Global
	GlobalSection(SolutionConfigurationPlatforms) = preSolution
		Debug|Any CPU = Debug|Any CPU
		Release|Any CPU = Release|Any CPU
	EndGlobalSection
	GlobalSection(ProjectConfigurationPlatforms) = postSolution
		{17A7AC1A-923C-4610-A3E0-84C671FCA7C0}.Debug|Any CPU.ActiveCfg = Debug|Any CPU
		{17A7AC1A-923C-4610-A3E0-84C671FCA7C0}.Debug|Any CPU.Build.0 = Debug|Any CPU
		{17A7AC1A-923C-4610-A3E0-84C671FCA7C0}.Release|Any CPU.ActiveCfg = Release|Any CPU
		{17A7AC1A-923C-4610-A3E0-84C671FCA7C0}.Release|Any CPU.Build.0 = Release|Any CPU
		{3A347B61-D37A-41F7-9F14-1CAF60BF93AD}.Debug|Any CPU.ActiveCfg = Debug|Any CPU
		{3A347B61-D37A-41F7-9F14-1CAF60BF93AD}.Debug|Any CPU.Build.0 = Debug|Any CPU
		{3A347B61-D37A-41F7-9F14-1CAF60BF93AD}.Release|Any CPU.ActiveCfg = Release|Any CPU
		{3A347B61-D37A-41F7-9F14-1CAF60BF93AD}.Release|Any CPU.Build.0 = Release|Any CPU
		{F02B4780-C284-478E-95F1-D276DE21FE31}.Debug|Any CPU.ActiveCfg = Debug|Any CPU
		{F02B4780-C284-478E-95F1-D276DE21FE31}.Debug|Any CPU.Build.0 = Debug|Any CPU
		{F02B4780-C284-478E-95F1-D276DE21FE31}.Release|Any CPU.ActiveCfg = Release|Any CPU
		{F02B4780-C284-478E-95F1-D276DE21FE31}.Release|Any CPU.Build.0 = Release|Any CPU
	EndGlobalSection
	GlobalSection(SolutionProperties) = preSolution
		HideSolutionNode = FALSE
	EndGlobalSection
EndGlobal
